
Microsoft Visual Studio Solution File, Format Version 12.00
# Visual Studio Version 17
VisualStudioVersion = 17.2.32630.192
MinimumVisualStudioVersion = 10.0.40219.1
Project("{FAE04EC0-301F-11D3-BF4B-00C04F79EFBC}") = "LineComparisonProblem", "LineComparisonProblem\LineComparisonProblem.csproj", "{E2258FDA-AC46-44EA-BCE9-B22A44E09BB8}"
EndProject
Global
	GlobalSection(SolutionConfigurationPlatforms) = preSolution
		Debug|Any CPU = Debug|Any CPU
		Release|Any CPU = Release|Any CPU
	EndGlobalSection
	GlobalSection(ProjectConfigurationPlatforms) = postSolution
		{E2258FDA-AC46-44EA-BCE9-B22A44E09BB8}.Debug|Any CPU.ActiveCfg = Debug|Any CPU
		{E2258FDA-AC46-44EA-BCE9-B22A44E09BB8}.Debug|Any CPU.Build.0 = Debug|Any CPU
		{E2258FDA-AC46-44EA-BCE9-B22A44E09BB8}.Release|Any CPU.ActiveCfg = Release|Any CPU
		{E2258FDA-AC46-44EA-BCE9-B22A44E09BB8}.Release|Any CPU.Build.0 = Release|Any CPU
	EndGlobalSection
	GlobalSection(SolutionProperties) = preSolution
		HideSolutionNode = FALSE
	EndGlobalSection
	GlobalSection(ExtensibilityGlobals) = postSolution
		SolutionGuid = {6D9F913B-B176-4791-B2A8-9B8EC30A6CAF}
	EndGlobalSection
EndGlobal
